{
  "name": "assets",
  "lockfileVersion": 3,
  "requires": true,
  "packages": {
    "": {
      "dependencies": {
        "@dnd-kit/core": "6.3.1",
        "@dnd-kit/modifiers": "9.0.0",
        "@dnd-kit/sortable": "10.0.0",
        "@dnd-kit/utilities": "3.2.2",
        "@sentry/browser": "^10.45.0",
        "cropperjs": "^1.6.2",
        "react": "19.2.4",
        "react-dom": "19.2.4",
        "topbar": "^3.0.1",
        "web-vitals": "^5.0.0"
      }
    },
    "node_modules/@dnd-kit/accessibility": {
      "version": "3.1.1",
      "resolved": "https://registry.npmjs.org/@dnd-kit/accessibility/-/accessibility-3.1.1.tgz",
      "integrity": "sha512-2P+YgaXF+gRsIihwwY1gCsQSYnu9Zyj2py8kY5fFvUM1qm2WA2u639R6YNVfU4GWr+ZM5mqEsfHZZLoRONbemw==",
      "license": "MIT",
      "dependencies": {
        "tslib": "^2.0.0"
      },
      "peerDependencies": {
        "react": ">=16.8.0"
      }
    },
    "node_modules/@dnd-kit/core": {
      "version": "6.3.1",
      "resolved": "https://registry.npmjs.org/@dnd-kit/core/-/core-6.3.1.tgz",
      "integrity": "sha512-xkGBRQQab4RLwgXxoqETICr6S5JlogafbhNsidmrkVv2YRs5MLwpjoF2qpiGjQt8S9AoxtIV603s0GIUpY5eYQ==",
      "license": "MIT",
      "dependencies": {
        "@dnd-kit/accessibility": "^3.1.1",
        "@dnd-kit/utilities": "^3.2.2",
        "tslib": "^2.0.0"
      },
      "peerDependencies": {
        "react": ">=16.8.0",
        "react-dom": ">=16.8.0"
      }
    },
    "node_modules/@dnd-kit/modifiers": {
      "version": "9.0.0",
      "resolved": "https://registry.npmjs.org/@dnd-kit/modifiers/-/modifiers-9.0.0.tgz",
      "integrity": "sha512-ybiLc66qRGuZoC20wdSSG6pDXFikui/dCNGthxv4Ndy8ylErY0N3KVxY2bgo7AWwIbxDmXDg3ylAFmnrjcbVvw==",
      "license": "MIT",
      "dependencies": {
        "@dnd-kit/utilities": "^3.2.2",
        "tslib": "^2.0.0"
      },
      "peerDependencies": {
        "@dnd-kit/core": "^6.3.0",
        "react": ">=16.8.0"
      }
    },
    "node_modules/@dnd-kit/sortable": {
      "version": "10.0.0",
      "resolved": "https://registry.npmjs.org/@dnd-kit/sortable/-/sortable-10.0.0.tgz",
      "integrity": "sha512-+xqhmIIzvAYMGfBYYnbKuNicfSsk4RksY2XdmJhT+HAC01nix6fHCztU68jooFiMUB01Ky3F0FyOvhG/BZrWkg==",
      "license": "MIT",
      "dependencies": {
        "@dnd-kit/utilities": "^3.2.2",
        "tslib": "^2.0.0"
      },
      "peerDependencies": {
        "@dnd-kit/core": "^6.3.0",
        "react": ">=16.8.0"
      }
    },
    "node_modules/@dnd-kit/utilities": {
      "version": "3.2.2",
      "resolved": "https://registry.npmjs.org/@dnd-kit/utilities/-/utilities-3.2.2.tgz",
      "integrity": "sha512-+MKAJEOfaBe5SmV6t34p80MMKhjvUz0vRrvVJbPT0WElzaOJ/1xs+D+KDv+tD/NE5ujfrChEcshd4fLn0wpiqg==",
      "license": "MIT",
      "dependencies": {
        "tslib": "^2.0.0"
      },
      "peerDependencies": {
        "react": ">=16.8.0"
      }
    },
    "node_modules/@sentry-internal/browser-utils": {
      "version": "10.53.1",
      "resolved": "https://registry.npmjs.org/@sentry-internal/browser-utils/-/browser-utils-10.53.1.tgz",
      "integrity": "sha512-X4d6y8sBMjmNhcDW4eMBU3ASsNIMz8dqaFkhyIMN/dkYr/yZKnbRZPaVuVUGvHKjnlficPpIH0/HK9KBjrYxPw==",
      "license": "MIT",
      "dependencies": {
        "@sentry/core": "10.53.1"
      },
      "engines": {
        "node": ">=18"
      }
    },
    "node_modules/@sentry-internal/feedback": {
      "version": "10.53.1",
      "resolved": "https://registry.npmjs.org/@sentry-internal/feedback/-/feedback-10.53.1.tgz",
      "integrity": "sha512-vVpTI/aEYN5d9IgZeYJWMqVaN0+iFgidSrYNAsZTh1US5sJUzF/wrl+68KdpmCtFROrN3jiAn1oPSwL5CKvEJA==",
      "license": "MIT",
      "dependencies": {
        "@sentry/core": "10.53.1"
      },
      "engines": {
        "node": ">=18"
      }
    },
    "node_modules/@sentry-internal/replay": {
      "version": "10.53.1",
      "resolved": "https://registry.npmjs.org/@sentry-internal/replay/-/replay-10.53.1.tgz",
      "integrity": "sha512-wZNzTBYkgGUPWMuUQv7L64+OJmoCnz7GQNiTrTFK6EVAjJXFBCSsPp/nhif0bLhbk8+0g4xz633uOhpXuQbFdw==",
      "license": "MIT",
      "dependencies": {
        "@sentry-internal/browser-utils": "10.53.1",
        "@sentry/core": "10.53.1"
      },
      "engines": {
        "node": ">=18"
      }
    },
    "node_modules/@sentry-internal/replay-canvas": {
      "version": "10.53.1",
      "resolved": "https://registry.npmjs.org/@sentry-internal/replay-canvas/-/replay-canvas-10.53.1.tgz",
      "integrity": "sha512-aueLaf/2prExwA76BGU5/bOXCKWqtt6jQXWA6WJQNrmKpPEtZJB4ypnpsou0McXQCF8tur2Y8U0TEkwQP13yJQ==",
      "license": "MIT",
      "dependencies": {
        "@sentry-internal/replay": "10.53.1",
        "@sentry/core": "10.53.1"
      },
      "engines": {
        "node": ">=18"
      }
    },
    "node_modules/@sentry/browser": {
      "version": "10.53.1",
      "resolved": "https://registry.npmjs.org/@sentry/browser/-/browser-10.53.1.tgz",
      "integrity": "sha512-zXF373hzUOGzUOrqd8xb1U3LQi5uYC3mwv+z5OMKUUinQlu30tTWBs7ypy6YTchtix9QlYaHWlayUF8vBZ5UjA==",
      "license": "MIT",
      "dependencies": {
        "@sentry-internal/browser-utils": "10.53.1",
        "@sentry-internal/feedback": "10.53.1",
        "@sentry-internal/replay": "10.53.1",
        "@sentry-internal/replay-canvas": "10.53.1",
        "@sentry/core": "10.53.1"
      },
      "engines": {
        "node": ">=18"
      }
    },
    "node_modules/@sentry/core": {
      "version": "10.53.1",
      "resolved": "https://registry.npmjs.org/@sentry/core/-/core-10.53.1.tgz",
      "integrity": "sha512-XG4ezlkyuAPjBC5+9kXC94rXXuqYTw9NRhfaDHssbTFaGnqBR8vQX2UUgZfY7ucbeelRDGfBu1sywoU+mB04uA==",
      "license": "MIT",
      "engines": {
        "node": ">=18"
      }
    },
    "node_modules/cropperjs": {
      "version": "1.6.2",
      "resolved": "https://registry.npmjs.org/cropperjs/-/cropperjs-1.6.2.tgz",
      "integrity": "sha512-nhymn9GdnV3CqiEHJVai54TULFAE3VshJTXSqSJKa8yXAKyBKDWdhHarnlIPrshJ0WMFTGuFvG02YjLXfPiuOA==",
      "license": "MIT"
    },
    "node_modules/react": {
      "version": "19.2.4",
      "resolved": "https://registry.npmjs.org/react/-/react-19.2.4.tgz",
      "integrity": "sha512-9nfp2hYpCwOjAN+8TZFGhtWEwgvWHXqESH8qT89AT/lWklpLON22Lc8pEtnpsZz7VmawabSU0gCjnj8aC0euHQ==",
      "license": "MIT",
      "engines": {
        "node": ">=0.10.0"
      }
    },
    "node_modules/react-dom": {
      "version": "19.2.4",
      "resolved": "https://registry.npmjs.org/react-dom/-/react-dom-19.2.4.tgz",
      "integrity": "sha512-AXJdLo8kgMbimY95O2aKQqsz2iWi9jMgKJhRBAxECE4IFxfcazB2LmzloIoibJI3C12IlY20+KFaLv+71bUJeQ==",
      "license": "MIT",
      "dependencies": {
        "scheduler": "^0.27.0"
      },
      "peerDependencies": {
        "react": "^19.2.4"
      }
    },
    "node_modules/scheduler": {
      "version": "0.27.0",
      "resolved": "https://registry.npmjs.org/scheduler/-/scheduler-0.27.0.tgz",
      "integrity": "sha512-eNv+WrVbKu1f3vbYJT/xtiF5syA5HPIMtf9IgY/nKg0sWqzAUEvqY/xm7OcZc/qafLx/iO9FgOmeSAp4v5ti/Q==",
      "license": "MIT"
    },
    "node_modules/topbar": {
      "version": "3.0.1",
      "resolved": "https://registry.npmjs.org/topbar/-/topbar-3.0.1.tgz",
      "integrity": "sha512-3CFWdkUC4KLsyLpW8IcX5EXskFtJtNl9O2/qNO/4Ncd/lWgipY/pmyv0D8bw2bTepl/+MUGhNhu2n3IitUuQNA==",
      "license": "MIT"
    },
    "node_modules/tslib": {
      "version": "2.8.1",
      "resolved": "https://registry.npmjs.org/tslib/-/tslib-2.8.1.tgz",
      "integrity": "sha512-oJFu94HQb+KVduSUQL7wnpmqnfmLsOA/nAh6b6EH0wCEoK0/mPeXU6c3wKDV83MkOuHPRHtSXKKU99IBazS/2w==",
      "license": "0BSD"
    },
    "node_modules/web-vitals": {
      "version": "5.2.0",
      "resolved": "https://registry.npmjs.org/web-vitals/-/web-vitals-5.2.0.tgz",
      "integrity": "sha512-i2z98bEmaCqSDiHEDu+gHl/dmR4Q+TxFmG3/13KkMO+o8UxQzCqWaDRCiLgEa41nlO4VpXSI0ASa1xWmO9sBlA==",
      "license": "Apache-2.0"
    }
  }
}
